
Microsoft Visual Studio Solution File, Format Version 12.00
# Visual Studio 15
VisualStudioVersion = 15.0.28307.1300
MinimumVisualStudioVersion = 10.0.40219.1
Project("{FAE04EC0-301F-11D3-BF4B-00C04F79EFBC}") = "GRMDataManager", "GRMDataManager\GRMDataManager.csproj", "{03B0A0FD-2E1F-4072-AEBE-8ECC0BF58CF1}"
EndProject
Project("{00D1A9C2-B5F0-4AF3-8072-F6C62B433612}") = "GRMData", "GRMData\GRMData.sqlproj", "{4D736F19-5BF2-46E7-A932-6276443EDE9B}"
EndProject
Project("{FAE04EC0-301F-11D3-BF4B-00C04F79EFBC}") = "GRMDesktopUI", "GRMDesktopUI\GRMDesktopUI.csproj", "{6DC40587-448B-4981-B210-319FFB612132}"
EndProject
Global
	GlobalSection(SolutionConfigurationPlatforms) = preSolution
		Debug|Any CPU = Debug|Any CPU
		Release|Any CPU = Release|Any CPU
	EndGlobalSection
	GlobalSection(ProjectConfigurationPlatforms) = postSolution
		{03B0A0FD-2E1F-4072-AEBE-8ECC0BF58CF1}.Debug|Any CPU.ActiveCfg = Debug|Any CPU
		{03B0A0FD-2E1F-4072-AEBE-8ECC0BF58CF1}.Debug|Any CPU.Build.0 = Debug|Any CPU
		{03B0A0FD-2E1F-4072-AEBE-8ECC0BF58CF1}.Release|Any CPU.ActiveCfg = Release|Any CPU
		{03B0A0FD-2E1F-4072-AEBE-8ECC0BF58CF1}.Release|Any CPU.Build.0 = Release|Any CPU
		{4D736F19-5BF2-46E7-A932-6276443EDE9B}.Debug|Any CPU.ActiveCfg = Debug|Any CPU
		{4D736F19-5BF2-46E7-A932-6276443EDE9B}.Debug|Any CPU.Build.0 = Debug|Any CPU
		{4D736F19-5BF2-46E7-A932-6276443EDE9B}.Debug|Any CPU.Deploy.0 = Debug|Any CPU
		{4D736F19-5BF2-46E7-A932-6276443EDE9B}.Release|Any CPU.ActiveCfg = Release|Any CPU
		{4D736F19-5BF2-46E7-A932-6276443EDE9B}.Release|Any CPU.Build.0 = Release|Any CPU
		{4D736F19-5BF2-46E7-A932-6276443EDE9B}.Release|Any CPU.Deploy.0 = Release|Any CPU
		{6DC40587-448B-4981-B210-319FFB612132}.Debug|Any CPU.ActiveCfg = Debug|Any CPU
		{6DC40587-448B-4981-B210-319FFB612132}.Debug|Any CPU.Build.0 = Debug|Any CPU
		{6DC40587-448B-4981-B210-319FFB612132}.Release|Any CPU.ActiveCfg = Release|Any CPU
		{6DC40587-448B-4981-B210-319FFB612132}.Release|Any CPU.Build.0 = Release|Any CPU
	EndGlobalSection
	GlobalSection(SolutionProperties) = preSolution
		HideSolutionNode = FALSE
	EndGlobalSection
	GlobalSection(ExtensibilityGlobals) = postSolution
		SolutionGuid = {BC0D9E4D-FF6E-4D11-8097-774AC58709B7}
	EndGlobalSection
EndGlobal
